
Microsoft Visual Studio Solution File, Format Version 12.00
# Visual Studio Version 17
VisualStudioVersion = 17.8.34330.188
MinimumVisualStudioVersion = 10.0.40219.1
Project("{9A19103F-16F7-4668-BE54-9A1E7A4F7556}") = "ToolkitLauncher", "Launcher\ToolkitLauncher.csproj", "{EE9D5075-A31E-4393-BD62-59A3AD5C3FC5}"
EndProject
Project("{9A19103F-16F7-4668-BE54-9A1E7A4F7556}") = "OsoyoosMB", "OsoyoosMB\OsoyoosMB\OsoyoosMB.csproj", "{A037E578-342F-4836-84C0-08A6394E94C2}"
EndProject
Global
	GlobalSection(SolutionConfigurationPlatforms) = preSolution
		Debug|x64 = Debug|x64
		Release|x64 = Release|x64
	EndGlobalSection
	GlobalSection(ProjectConfigurationPlatforms) = postSolution
		{EE9D5075-A31E-4393-BD62-59A3AD5C3FC5}.Debug|x64.ActiveCfg = Debug|x64
		{EE9D5075-A31E-4393-BD62-59A3AD5C3FC5}.Debug|x64.Build.0 = Debug|x64
		{EE9D5075-A31E-4393-BD62-59A3AD5C3FC5}.Release|x64.ActiveCfg = Release|x64
		{EE9D5075-A31E-4393-BD62-59A3AD5C3FC5}.Release|x64.Build.0 = Release|x64
		{A037E578-342F-4836-84C0-08A6394E94C2}.Debug|x64.ActiveCfg = Debug|x64
		{A037E578-342F-4836-84C0-08A6394E94C2}.Debug|x64.Build.0 = Debug|x64
		{A037E578-342F-4836-84C0-08A6394E94C2}.Release|x64.ActiveCfg = Release|x64
		{A037E578-342F-4836-84C0-08A6394E94C2}.Release|x64.Build.0 = Release|x64
	EndGlobalSection
	GlobalSection(SolutionProperties) = preSolution
		HideSolutionNode = FALSE
	EndGlobalSection
	GlobalSection(ExtensibilityGlobals) = postSolution
		SolutionGuid = {B78C8146-D28F-4E94-AAFB-E02F95909A9A}
	EndGlobalSection
EndGlobal
